
Microsoft Visual Studio Solution File, Format Version 12.00
# Visual Studio Version 16
VisualStudioVersion = 16.0.31613.86
MinimumVisualStudioVersion = 10.0.40219.1
Project("{FAE04EC0-301F-11D3-BF4B-00C04F79EFBC}") = "Properties", "Properties\Properties.csproj", "{7B2B2E8C-3C89-4667-BE6D-EB3911F84D65}"
EndProject
Global
	GlobalSection(SolutionConfigurationPlatforms) = preSolution
		Debug|Any CPU = Debug|Any CPU
		Release|Any CPU = Release|Any CPU
	EndGlobalSection
	GlobalSection(ProjectConfigurationPlatforms) = postSolution
		{7B2B2E8C-3C89-4667-BE6D-EB3911F84D65}.Debug|Any CPU.ActiveCfg = Debug|Any CPU
		{7B2B2E8C-3C89-4667-BE6D-EB3911F84D65}.Debug|Any CPU.Build.0 = Debug|Any CPU
		{7B2B2E8C-3C89-4667-BE6D-EB3911F84D65}.Release|Any CPU.ActiveCfg = Release|Any CPU
		{7B2B2E8C-3C89-4667-BE6D-EB3911F84D65}.Release|Any CPU.Build.0 = Release|Any CPU
	EndGlobalSection
	GlobalSection(SolutionProperties) = preSolution
		HideSolutionNode = FALSE
	EndGlobalSection
	GlobalSection(ExtensibilityGlobals) = postSolution
		SolutionGuid = {BAF4FD3B-5BAC-462B-BB36-48ECE2BC13FB}
	EndGlobalSection
EndGlobal
